
Microsoft Visual Studio Solution File, Format Version 12.00
# Visual Studio Version 17
VisualStudioVersion = 17.0.31903.59
MinimumVisualStudioVersion = 10.0.40219.1
Project("{2150E333-8FDC-42A3-9474-1A3956D46DE8}") = "src", "src", "{827E0CD3-B72D-47B6-A68D-7590B98EB39B}"
EndProject
Project("{FAE04EC0-301F-11D3-BF4B-00C04F79EFBC}") = "JujuyERP.Domain", "src\JujuyERP.Domain\JujuyERP.Domain.csproj", "{2EFC1754-580D-41EA-894E-9F62449DEBC4}"
EndProject
Project("{FAE04EC0-301F-11D3-BF4B-00C04F79EFBC}") = "JujuyERP.Application", "src\JujuyERP.Application\JujuyERP.Application.csproj", "{254F393F-70FF-4256-B70C-3D24980D68C5}"
EndProject
Project("{FAE04EC0-301F-11D3-BF4B-00C04F79EFBC}") = "JujuyERP.Infrastructure", "src\JujuyERP.Infrastructure\JujuyERP.Infrastructure.csproj", "{9FB413DE-A1F3-483F-9206-F47044BF7932}"
EndProject
Project("{FAE04EC0-301F-11D3-BF4B-00C04F79EFBC}") = "JujuyERP.WebAPI", "src\JujuyERP.WebAPI\JujuyERP.WebAPI.csproj", "{2D671346-C89A-4F1B-A373-1E71C4DBB6EC}"
EndProject
Global
	GlobalSection(SolutionConfigurationPlatforms) = preSolution
		Debug|Any CPU = Debug|Any CPU
		Debug|x64 = Debug|x64
		Debug|x86 = Debug|x86
		Release|Any CPU = Release|Any CPU
		Release|x64 = Release|x64
		Release|x86 = Release|x86
	EndGlobalSection
	GlobalSection(ProjectConfigurationPlatforms) = postSolution
		{2EFC1754-580D-41EA-894E-9F62449DEBC4}.Debug|Any CPU.ActiveCfg = Debug|Any CPU
		{2EFC1754-580D-41EA-894E-9F62449DEBC4}.Debug|Any CPU.Build.0 = Debug|Any CPU
		{2EFC1754-580D-41EA-894E-9F62449DEBC4}.Debug|x64.ActiveCfg = Debug|Any CPU
		{2EFC1754-580D-41EA-894E-9F62449DEBC4}.Debug|x64.Build.0 = Debug|Any CPU
		{2EFC1754-580D-41EA-894E-9F62449DEBC4}.Debug|x86.ActiveCfg = Debug|Any CPU
		{2EFC1754-580D-41EA-894E-9F62449DEBC4}.Debug|x86.Build.0 = Debug|Any CPU
		{2EFC1754-580D-41EA-894E-9F62449DEBC4}.Release|Any CPU.ActiveCfg = Release|Any CPU
		{2EFC1754-580D-41EA-894E-9F62449DEBC4}.Release|Any CPU.Build.0 = Release|Any CPU
		{2EFC1754-580D-41EA-894E-9F62449DEBC4}.Release|x64.ActiveCfg = Release|Any CPU
		{2EFC1754-580D-41EA-894E-9F62449DEBC4}.Release|x64.Build.0 = Release|Any CPU
		{2EFC1754-580D-41EA-894E-9F62449DEBC4}.Release|x86.ActiveCfg = Release|Any CPU
		{2EFC1754-580D-41EA-894E-9F62449DEBC4}.Release|x86.Build.0 = Release|Any CPU
		{254F393F-70FF-4256-B70C-3D24980D68C5}.Debug|Any CPU.ActiveCfg = Debug|Any CPU
		{254F393F-70FF-4256-B70C-3D24980D68C5}.Debug|Any CPU.Build.0 = Debug|Any CPU
		{254F393F-70FF-4256-B70C-3D24980D68C5}.Debug|x64.ActiveCfg = Debug|Any CPU
		{254F393F-70FF-4256-B70C-3D24980D68C5}.Debug|x64.Build.0 = Debug|Any CPU
		{254F393F-70FF-4256-B70C-3D24980D68C5}.Debug|x86.ActiveCfg = Debug|Any CPU
		{254F393F-70FF-4256-B70C-3D24980D68C5}.Debug|x86.Build.0 = Debug|Any CPU
		{254F393F-70FF-4256-B70C-3D24980D68C5}.Release|Any CPU.ActiveCfg = Release|Any CPU
		{254F393F-70FF-4256-B70C-3D24980D68C5}.Release|Any CPU.Build.0 = Release|Any CPU
		{254F393F-70FF-4256-B70C-3D24980D68C5}.Release|x64.ActiveCfg = Release|Any CPU
		{254F393F-70FF-4256-B70C-3D24980D68C5}.Release|x64.Build.0 = Release|Any CPU
		{254F393F-70FF-4256-B70C-3D24980D68C5}.Release|x86.ActiveCfg = Release|Any CPU
		{254F393F-70FF-4256-B70C-3D24980D68C5}.Release|x86.Build.0 = Release|Any CPU
		{9FB413DE-A1F3-483F-9206-F47044BF7932}.Debug|Any CPU.ActiveCfg = Debug|Any CPU
		{9FB413DE-A1F3-483F-9206-F47044BF7932}.Debug|Any CPU.Build.0 = Debug|Any CPU
		{9FB413DE-A1F3-483F-9206-F47044BF7932}.Debug|x64.ActiveCfg = Debug|Any CPU
		{9FB413DE-A1F3-483F-9206-F47044BF7932}.Debug|x64.Build.0 = Debug|Any CPU
		{9FB413DE-A1F3-483F-9206-F47044BF7932}.Debug|x86.ActiveCfg = Debug|Any CPU
		{9FB413DE-A1F3-483F-9206-F47044BF7932}.Debug|x86.Build.0 = Debug|Any CPU
		{9FB413DE-A1F3-483F-9206-F47044BF7932}.Release|Any CPU.ActiveCfg = Release|Any CPU
		{9FB413DE-A1F3-483F-9206-F47044BF7932}.Release|Any CPU.Build.0 = Release|Any CPU
		{9FB413DE-A1F3-483F-9206-F47044BF7932}.Release|x64.ActiveCfg = Release|Any CPU
		{9FB413DE-A1F3-483F-9206-F47044BF7932}.Release|x64.Build.0 = Release|Any CPU
		{9FB413DE-A1F3-483F-9206-F47044BF7932}.Release|x86.ActiveCfg = Release|Any CPU
		{9FB413DE-A1F3-483F-9206-F47044BF7932}.Release|x86.Build.0 = Release|Any CPU
		{2D671346-C89A-4F1B-A373-1E71C4DBB6EC}.Debug|Any CPU.ActiveCfg = Debug|Any CPU
		{2D671346-C89A-4F1B-A373-1E71C4DBB6EC}.Debug|Any CPU.Build.0 = Debug|Any CPU
		{2D671346-C89A-4F1B-A373-1E71C4DBB6EC}.Debug|x64.ActiveCfg = Debug|Any CPU
		{2D671346-C89A-4F1B-A373-1E71C4DBB6EC}.Debug|x64.Build.0 = Debug|Any CPU
		{2D671346-C89A-4F1B-A373-1E71C4DBB6EC}.Debug|x86.ActiveCfg = Debug|Any CPU
		{2D671346-C89A-4F1B-A373-1E71C4DBB6EC}.Debug|x86.Build.0 = Debug|Any CPU
		{2D671346-C89A-4F1B-A373-1E71C4DBB6EC}.Release|Any CPU.ActiveCfg = Release|Any CPU
		{2D671346-C89A-4F1B-A373-1E71C4DBB6EC}.Release|Any CPU.Build.0 = Release|Any CPU
		{2D671346-C89A-4F1B-A373-1E71C4DBB6EC}.Release|x64.ActiveCfg = Release|Any CPU
		{2D671346-C89A-4F1B-A373-1E71C4DBB6EC}.Release|x64.Build.0 = Release|Any CPU
		{2D671346-C89A-4F1B-A373-1E71C4DBB6EC}.Release|x86.ActiveCfg = Release|Any CPU
		{2D671346-C89A-4F1B-A373-1E71C4DBB6EC}.Release|x86.Build.0 = Release|Any CPU
	EndGlobalSection
	GlobalSection(SolutionProperties) = preSolution
		HideSolutionNode = FALSE
	EndGlobalSection
	GlobalSection(NestedProjects) = preSolution
		{2EFC1754-580D-41EA-894E-9F62449DEBC4} = {827E0CD3-B72D-47B6-A68D-7590B98EB39B}
		{254F393F-70FF-4256-B70C-3D24980D68C5} = {827E0CD3-B72D-47B6-A68D-7590B98EB39B}
		{9FB413DE-A1F3-483F-9206-F47044BF7932} = {827E0CD3-B72D-47B6-A68D-7590B98EB39B}
		{2D671346-C89A-4F1B-A373-1E71C4DBB6EC} = {827E0CD3-B72D-47B6-A68D-7590B98EB39B}
	EndGlobalSection
EndGlobal
